
Microsoft Visual Studio Solution File, Format Version 12.00
# Visual Studio 15
VisualStudioVersion = 15.0.27703.2035
MinimumVisualStudioVersion = 10.0.40219.1
Project("{8BC9CEB8-8B4A-11D0-8D11-00A0C91BC942}") = "corerundll", "src\corerundll\corerundll.vcxproj", "{56ECC22A-A4DB-409B-826E-D3637CC647E6}"
EndProject
Global
	GlobalSection(SolutionConfigurationPlatforms) = preSolution
		Debug|ARM = Debug|ARM
		Debug|ARM64 = Debug|ARM64
		Debug|x64 = Debug|x64
		Debug|x86 = Debug|x86
		Release|ARM = Release|ARM
		Release|ARM64 = Release|ARM64
		Release|x64 = Release|x64
		Release|x86 = Release|x86
	EndGlobalSection
	GlobalSection(ProjectConfigurationPlatforms) = postSolution
		{56ECC22A-A4DB-409B-826E-D3637CC647E6}.Debug|ARM.ActiveCfg = Debug|ARM
		{56ECC22A-A4DB-409B-826E-D3637CC647E6}.Debug|ARM.Build.0 = Debug|ARM
		{56ECC22A-A4DB-409B-826E-D3637CC647E6}.Debug|ARM64.ActiveCfg = Debug|ARM64
		{56ECC22A-A4DB-409B-826E-D3637CC647E6}.Debug|ARM64.Build.0 = Debug|ARM64
		{56ECC22A-A4DB-409B-826E-D3637CC647E6}.Debug|x64.ActiveCfg = Debug|x64
		{56ECC22A-A4DB-409B-826E-D3637CC647E6}.Debug|x64.Build.0 = Debug|x64
		{56ECC22A-A4DB-409B-826E-D3637CC647E6}.Debug|x86.ActiveCfg = Debug|Win32
		{56ECC22A-A4DB-409B-826E-D3637CC647E6}.Debug|x86.Build.0 = Debug|Win32
		{56ECC22A-A4DB-409B-826E-D3637CC647E6}.Release|ARM.ActiveCfg = Release|ARM
		{56ECC22A-A4DB-409B-826E-D3637CC647E6}.Release|ARM.Build.0 = Release|ARM
		{56ECC22A-A4DB-409B-826E-D3637CC647E6}.Release|ARM64.ActiveCfg = Release|ARM64
		{56ECC22A-A4DB-409B-826E-D3637CC647E6}.Release|ARM64.Build.0 = Release|ARM64
		{56ECC22A-A4DB-409B-826E-D3637CC647E6}.Release|x64.ActiveCfg = Release|x64
		{56ECC22A-A4DB-409B-826E-D3637CC647E6}.Release|x64.Build.0 = Release|x64
		{56ECC22A-A4DB-409B-826E-D3637CC647E6}.Release|x86.ActiveCfg = Release|Win32
		{56ECC22A-A4DB-409B-826E-D3637CC647E6}.Release|x86.Build.0 = Release|Win32
	EndGlobalSection
	GlobalSection(SolutionProperties) = preSolution
		HideSolutionNode = FALSE
	EndGlobalSection
	GlobalSection(ExtensibilityGlobals) = postSolution
		SolutionGuid = {539FB5B6-AE24-4F2E-AD74-42AB3F930AB2}
	EndGlobalSection
EndGlobal
